// !$*UTF8*$!
{
	archiveVersion = 1;
	classes = {
	};
	objectVersion = 50;
	objects = {

/* Begin PBXBuildFile section */
		2E52C51E22BB048F006DF885 /* AppDelegate.swift in Sources */ = {isa = PBXBuildFile; fileRef = 2E52C51D22BB048F006DF885 /* AppDelegate.swift */; };
		2E52C52022BB048F006DF885 /* GameScene.sks in Resources */ = {isa = PBXBuildFile; fileRef = 2E52C51F22BB048F006DF885 /* GameScene.sks */; };
		2E52C52222BB048F006DF885 /* Actions.sks in Resources */ = {isa = PBXBuildFile; fileRef = 2E52C52122BB048F006DF885 /* Actions.sks */; };
		2E52C52422BB048F006DF885 /* GameScene.swift in Sources */ = {isa = PBXBuildFile; fileRef = 2E52C52322BB048F006DF885 /* GameScene.swift */; };
		2E52C52622BB048F006DF885 /* GameViewController.swift in Sources */ = {isa = PBXBuildFile; fileRef = 2E52C52522BB048F006DF885 /* GameViewController.swift */; };
		2E52C52922BB048F006DF885 /* Main.storyboard in Resources */ = {isa = PBXBuildFile; fileRef = 2E52C52722BB048F006DF885 /* Main.storyboard */; };
		2E52C52B22BB0490006DF885 /* Assets.xcassets in Resources */ = {isa = PBXBuildFile; fileRef = 2E52C52A22BB0490006DF885 /* Assets.xcassets */; };
		2E52C52E22BB0490006DF885 /* LaunchScreen.storyboard in Resources */ = {isa = PBXBuildFile; fileRef = 2E52C52C22BB0490006DF885 /* LaunchScreen.storyboard */; };
		2E52C53922BB0490006DF885 /* SuperBabyBrawlTests.swift in Sources */ = {isa = PBXBuildFile; fileRef = 2E52C53822BB0490006DF885 /* SuperBabyBrawlTests.swift */; };
		2E52C54422BB0490006DF885 /* SuperBabyBrawlUITests.swift in Sources */ = {isa = PBXBuildFile; fileRef = 2E52C54322BB0490006DF885 /* SuperBabyBrawlUITests.swift */; };
/* End PBXBuildFile section */

/* Begin PBXContainerItemProxy section */
		2E52C53522BB0490006DF885 /* PBXContainerItemProxy */ = {
			isa = PBXContainerItemProxy;
			containerPortal = 2E52C51222BB048F006DF885 /* Project object */;
			proxyType = 1;
			remoteGlobalIDString = 2E52C51922BB048F006DF885;
			remoteInfo = SuperBabyBrawl;
		};
		2E52C54022BB0490006DF885 /* PBXContainerItemProxy */ = {
			isa = PBXContainerItemProxy;
			containerPortal = 2E52C51222BB048F006DF885 /* Project object */;
			proxyType = 1;
			remoteGlobalIDString = 2E52C51922BB048F006DF885;
			remoteInfo = SuperBabyBrawl;
		};
/* End PBXContainerItemProxy section */

/* Begin PBXFileReference section */
		2E52C51A22BB048F006DF885 /* SuperBabyBrawl.app */ = {isa = PBXFileReference; explicitFileType = wrapper.application; includeInIndex = 0; path = SuperBabyBrawl.app; sourceTree = BUILT_PRODUCTS_DIR; };
		2E52C51D22BB048F006DF885 /* AppDelegate.swift */ = {isa = PBXFileReference; lastKnownFileType = sourcecode.swift; path = AppDelegate.swift; sourceTree = "<group>"; };
		2E52C51F22BB048F006DF885 /* GameScene.sks */ = {isa = PBXFileReference; lastKnownFileType = file.sks; path = GameScene.sks; sourceTree = "<group>"; };
		2E52C52122BB048F006DF885 /* Actions.sks */ = {isa = PBXFileReference; lastKnownFileType = file.sks; path = Actions.sks; sourceTree = "<group>"; };
		2E52C52322BB048F006DF885 /* GameScene.swift */ = {isa = PBXFileReference; lastKnownFileType = sourcecode.swift; path = GameScene.swift; sourceTree = "<group>"; };
		2E52C52522BB048F006DF885 /* GameViewController.swift */ = {isa = PBXFileReference; lastKnownFileType = sourcecode.swift; path = GameViewController.swift; sourceTree = "<group>"; };
		2E52C52822BB048F006DF885 /* Base */ = {isa = PBXFileReference; lastKnownFileType = file.storyboard; name = Base; path = Base.lproj/Main.storyboard; sourceTree = "<group>"; };
		2E52C52A22BB0490006DF885 /* Assets.xcassets */ = {isa = PBXFileReference; lastKnownFileType = folder.assetcatalog; path = Assets.xcassets; sourceTree = "<group>"; };
		2E52C52D22BB0490006DF885 /* Base */ = {isa = PBXFileReference; lastKnownFileType = file.storyboard; name = Base; path = Base.lproj/LaunchScreen.storyboard; sourceTree = "<group>"; };
		2E52C52F22BB0490006DF885 /* Info.plist */ = {isa = PBXFileReference; lastKnownFileType = text.plist.xml; path = Info.plist; sourceTree = "<group>"; };
		2E52C53422BB0490006DF885 /* SuperBabyBrawlTests.xctest */ = {isa = PBXFileReference; explicitFileType = wrapper.cfbundle; includeInIndex = 0; path = SuperBabyBrawlTests.xctest; sourceTree = BUILT_PRODUCTS_DIR; };
		2E52C53822BB0490006DF885 /* SuperBabyBrawlTests.swift */ = {isa = PBXFileReference; lastKnownFileType = sourcecode.swift; path = SuperBabyBrawlTests.swift; sourceTree = "<group>"; };
		2E52C53A22BB0490006DF885 /* Info.plist */ = {isa = PBXFileReference; lastKnownFileType = text.plist.xml; path = Info.plist; sourceTree = "<group>"; };
		2E52C53F22BB0490006DF885 /* SuperBabyBrawlUITests.xctest */ = {isa = PBXFileReference; explicitFileType = wrapper.cfbundle; includeInIndex = 0; path = SuperBabyBrawlUITests.xctest; sourceTree = BUILT_PRODUCTS_DIR; };
		2E52C54322BB0490006DF885 /* SuperBabyBrawlUITests.swift */ = {isa = PBXFileReference; lastKnownFileType = sourcecode.swift; path = SuperBabyBrawlUITests.swift; sourceTree = "<group>"; };
		2E52C54522BB0490006DF885 /* Info.plist */ = {isa = PBXFileReference; lastKnownFileType = text.plist.xml; path = Info.plist; sourceTree = "<group>"; };
/* End PBXFileReference section */

/* Begin PBXFrameworksBuildPhase section */
		2E52C51722BB048F006DF885 /* Frameworks */ = {
			isa = PBXFrameworksBuildPhase;
			buildActionMask = 2147483647;
			files = (
			);
			runOnlyForDeploymentPostprocessing = 0;
		};
		2E52C53122BB0490006DF885 /* Frameworks */ = {
			isa = PBXFrameworksBuildPhase;
			buildActionMask = 2147483647;
			files = (
			);
			runOnlyForDeploymentPostprocessing = 0;
		};
		2E52C53C22BB0490006DF885 /* Frameworks */ = {
			isa = PBXFrameworksBuildPhase;
			buildActionMask = 2147483647;
			files = (
			);
			runOnlyForDeploymentPostprocessing = 0;
		};
/* End PBXFrameworksBuildPhase section */

/* Begin PBXGroup section */
		2E52C51122BB048F006DF885 = {
			isa = PBXGroup;
			children = (
				2E52C51C22BB048F006DF885 /* SuperBabyBrawl */,
				2E52C53722BB0490006DF885 /* SuperBabyBrawlTests */,
				2E52C54222BB0490006DF885 /* SuperBabyBrawlUITests */,
				2E52C51B22BB048F006DF885 /* Products */,
			);
			sourceTree = "<group>";
		};
		2E52C51B22BB048F006DF885 /* Products */ = {
			isa = PBXGroup;
			children = (
				2E52C51A22BB048F006DF885 /* SuperBabyBrawl.app */,
				2E52C53422BB0490006DF885 /* SuperBabyBrawlTests.xctest */,
				2E52C53F22BB0490006DF885 /* SuperBabyBrawlUITests.xctest */,
			);
			name = Products;
			sourceTree = "<group>";
		};
		2E52C51C22BB048F006DF885 /* SuperBabyBrawl */ = {
			isa = PBXGroup;
			children = (
				2E52C51D22BB048F006DF885 /* AppDelegate.swift */,
				2E52C51F22BB048F006DF885 /* GameScene.sks */,
				2E52C52122BB048F006DF885 /* Actions.sks */,
				2E52C52322BB048F006DF885 /* GameScene.swift */,
				2E52C52522BB048F006DF885 /* GameViewController.swift */,
				2E52C52722BB048F006DF885 /* Main.storyboard */,
				2E52C52A22BB0490006DF885 /* Assets.xcassets */,
				2E52C52C22BB0490006DF885 /* LaunchScreen.storyboard */,
				2E52C52F22BB0490006DF885 /* Info.plist */,
			);
			path = SuperBabyBrawl;
			sourceTree = "<group>";
		};
		2E52C53722BB0490006DF885 /* SuperBabyBrawlTests */ = {
			isa = PBXGroup;
			children = (
				2E52C53822BB0490006DF885 /* SuperBabyBrawlTests.swift */,
				2E52C53A22BB0490006DF885 /* Info.plist */,
			);
			path = SuperBabyBrawlTests;
			sourceTree = "<group>";
		};
		2E52C54222BB0490006DF885 /* SuperBabyBrawlUITests */ = {
			isa = PBXGroup;
			children = (
				2E52C54322BB0490006DF885 /* SuperBabyBrawlUITests.swift */,
				2E52C54522BB0490006DF885 /* Info.plist */,
			);
			path = SuperBabyBrawlUITests;
			sourceTree = "<group>";
		};
/* End PBXGroup section */

/* Begin PBXNativeTarget section */
		2E52C51922BB048F006DF885 /* SuperBabyBrawl */ = {
			isa = PBXNativeTarget;
			buildConfigurationList = 2E52C54822BB0490006DF885 /* Build configuration list for PBXNativeTarget "SuperBabyBrawl" */;
			buildPhases = (
				2E52C51622BB048F006DF885 /* Sources */,
				2E52C51722BB048F006DF885 /* Frameworks */,
				2E52C51822BB048F006DF885 /* Resources */,
			);
			buildRules = (
			);
			dependencies = (
			);
			name = SuperBabyBrawl;
			productName = SuperBabyBrawl;
			productReference = 2E52C51A22BB048F006DF885 /* SuperBabyBrawl.app */;
			productType = "com.apple.product-type.application";
		};
		2E52C53322BB0490006DF885 /* SuperBabyBrawlTests */ = {
			isa = PBXNativeTarget;
			buildConfigurationList = 2E52C54B22BB0490006DF885 /* Build configuration list for PBXNativeTarget "SuperBabyBrawlTests" */;
			buildPhases = (
				2E52C53022BB0490006DF885 /* Sources */,
				2E52C53122BB0490006DF885 /* Frameworks */,
				2E52C53222BB0490006DF885 /* Resources */,
			);
			buildRules = (
			);
			dependencies = (
				2E52C53622BB0490006DF885 /* PBXTargetDependency */,
			);
			name = SuperBabyBrawlTests;
			productName = SuperBabyBrawlTests;
			productReference = 2E52C53422BB0490006DF885 /* SuperBabyBrawlTests.xctest */;
			productType = "com.apple.product-type.bundle.unit-test";
		};
		2E52C53E22BB0490006DF885 /* SuperBabyBrawlUITests */ = {
			isa = PBXNativeTarget;
			buildConfigurationList = 2E52C54E22BB0490006DF885 /* Build configuration list for PBXNativeTarget "SuperBabyBrawlUITests" */;
			buildPhases = (
				2E52C53B22BB0490006DF885 /* Sources */,
				2E52C53C22BB0490006DF885 /* Frameworks */,
				2E52C53D22BB0490006DF885 /* Resources */,
			);
			buildRules = (
			);
			dependencies = (
				2E52C54122BB0490006DF885 /* PBXTargetDependency */,
			);
			name = SuperBabyBrawlUITests;
			productName = SuperBabyBrawlUITests;
			productReference = 2E52C53F22BB0490006DF885 /* SuperBabyBrawlUITests.xctest */;
			productType = "com.apple.product-type.bundle.ui-testing";
		};
/* End PBXNativeTarget section */

/* Begin PBXProject section */
		2E52C51222BB048F006DF885 /* Project object */ = {
			isa = PBXProject;
			attributes = {
				LastSwiftUpdateCheck = 1020;
				LastUpgradeCheck = 1020;
				ORGANIZATIONNAME = "Matthew Walsh";
				TargetAttributes = {
					2E52C51922BB048F006DF885 = {
						CreatedOnToolsVersion = 10.2.1;
					};
					2E52C53322BB0490006DF885 = {
						CreatedOnToolsVersion = 10.2.1;
						TestTargetID = 2E52C51922BB048F006DF885;
					};
					2E52C53E22BB0490006DF885 = {
						CreatedOnToolsVersion = 10.2.1;
						TestTargetID = 2E52C51922BB048F006DF885;
					};
				};
			};
			buildConfigurationList = 2E52C51522BB048F006DF885 /* Build configuration list for PBXProject "SuperBabyBrawl" */;
			compatibilityVersion = "Xcode 9.3";
			developmentRegion = en;
			hasScannedForEncodings = 0;
			knownRegions = (
				en,
				Base,
			);
			mainGroup = 2E52C51122BB048F006DF885;
			productRefGroup = 2E52C51B22BB048F006DF885 /* Products */;
			projectDirPath = "";
			projectRoot = "";
			targets = (
				2E52C51922BB048F006DF885 /* SuperBabyBrawl */,
				2E52C53322BB0490006DF885 /* SuperBabyBrawlTests */,
				2E52C53E22BB0490006DF885 /* SuperBabyBrawlUITests */,
			);
		};
/* End PBXProject section */

/* Begin PBXResourcesBuildPhase section */
		2E52C51822BB048F006DF885 /* Resources */ = {
			isa = PBXResourcesBuildPhase;
			buildActionMask = 2147483647;
			files = (
				2E52C52922BB048F006DF885 /* Main.storyboard in Resources */,
				2E52C52022BB048F006DF885 /* GameScene.sks in Resources */,
				2E52C52B22BB0490006DF885 /* Assets.xcassets in Resources */,
				2E52C52E22BB0490006DF885 /* LaunchScreen.storyboard in Resources */,
				2E52C52222BB048F006DF885 /* Actions.sks in Resources */,
			);
			runOnlyForDeploymentPostprocessing = 0;
		};
		2E52C53222BB0490006DF885 /* Resources */ = {
			isa = PBXResourcesBuildPhase;
			buildActionMask = 2147483647;
			files = (
			);
			runOnlyForDeploymentPostprocessing = 0;
		};
		2E52C53D22BB0490006DF885 /* Resources */ = {
			isa = PBXResourcesBuildPhase;
			buildActionMask = 2147483647;
			files = (
			);
			runOnlyForDeploymentPostprocessing = 0;
		};
/* End PBXResourcesBuildPhase section */

/* Begin PBXSourcesBuildPhase section */
		2E52C51622BB048F006DF885 /* Sources */ = {
			isa = PBXSourcesBuildPhase;
			buildActionMask = 2147483647;
			files = (
				2E52C52422BB048F006DF885 /* GameScene.swift in Sources */,
				2E52C52622BB048F006DF885 /* GameViewController.swift in Sources */,
				2E52C51E22BB048F006DF885 /* AppDelegate.swift in Sources */,
			);
			runOnlyForDeploymentPostprocessing = 0;
		};
		2E52C53022BB0490006DF885 /* Sources */ = {
			isa = PBXSourcesBuildPhase;
			buildActionMask = 2147483647;
			files = (
				2E52C53922BB0490006DF885 /* SuperBabyBrawlTests.swift in Sources */,
			);
			runOnlyForDeploymentPostprocessing = 0;
		};
		2E52C53B22BB0490006DF885 /* Sources */ = {
			isa = PBXSourcesBuildPhase;
			buildActionMask = 2147483647;
			files = (
				2E52C54422BB0490006DF885 /* SuperBabyBrawlUITests.swift in Sources */,
			);
			runOnlyForDeploymentPostprocessing = 0;
		};
/* End PBXSourcesBuildPhase section */

/* Begin PBXTargetDependency section */
		2E52C53622BB0490006DF885 /* PBXTargetDependency */ = {
			isa = PBXTargetDependency;
			target = 2E52C51922BB048F006DF885 /* SuperBabyBrawl */;
			targetProxy = 2E52C53522BB0490006DF885 /* PBXContainerItemProxy */;
		};
		2E52C54122BB0490006DF885 /* PBXTargetDependency */ = {
			isa = PBXTargetDependency;
			target = 2E52C51922BB048F006DF885 /* SuperBabyBrawl */;
			targetProxy = 2E52C54022BB0490006DF885 /* PBXContainerItemProxy */;
		};
/* End PBXTargetDependency section */

/* Begin PBXVariantGroup section */
		2E52C52722BB048F006DF885 /* Main.storyboard */ = {
			isa = PBXVariantGroup;
			children = (
				2E52C52822BB048F006DF885 /* Base */,
			);
			name = Main.storyboard;
			sourceTree = "<group>";
		};
		2E52C52C22BB0490006DF885 /* LaunchScreen.storyboard */ = {
			isa = PBXVariantGroup;
			children = (
				2E52C52D22BB0490006DF885 /* Base */,
			);
			name = LaunchScreen.storyboard;
			sourceTree = "<group>";
		};
/* End PBXVariantGroup section */

/* Begin XCBuildConfiguration section */
		2E52C54622BB0490006DF885 /* Debug */ = {
			isa = XCBuildConfiguration;
			buildSettings = {
				ALWAYS_SEARCH_USER_PATHS = NO;
				CLANG_ANALYZER_NONNULL = YES;
				CLANG_ANALYZER_NUMBER_OBJECT_CONVERSION = YES_AGGRESSIVE;
				CLANG_CXX_LANGUAGE_STANDARD = "gnu++14";
				CLANG_CXX_LIBRARY = "libc++";
				CLANG_ENABLE_MODULES = YES;
				CLANG_ENABLE_OBJC_ARC = YES;
				CLANG_ENABLE_OBJC_WEAK = YES;
				CLANG_WARN_BLOCK_CAPTURE_AUTORELEASING = YES;
				CLANG_WARN_BOOL_CONVERSION = YES;
				CLANG_WARN_COMMA = YES;
				CLANG_WARN_CONSTANT_CONVERSION = YES;
				CLANG_WARN_DEPRECATED_OBJC_IMPLEMENTATIONS = YES;
				CLANG_WARN_DIRECT_OBJC_ISA_USAGE = YES_ERROR;
				CLANG_WARN_DOCUMENTATION_COMMENTS = YES;
				CLANG_WARN_EMPTY_BODY = YES;
				CLANG_WARN_ENUM_CONVERSION = YES;
				CLANG_WARN_INFINITE_RECURSION = YES;
				CLANG_WARN_INT_CONVERSION = YES;
				CLANG_WARN_NON_LITERAL_NULL_CONVERSION = YES;
				CLANG_WARN_OBJC_IMPLICIT_RETAIN_SELF = YES;
				CLANG_WARN_OBJC_LITERAL_CONVERSION = YES;
				CLANG_WARN_OBJC_ROOT_CLASS = YES_ERROR;
				CLANG_WARN_RANGE_LOOP_ANALYSIS = YES;
				CLANG_WARN_STRICT_PROTOTYPES = YES;
				CLANG_WARN_SUSPICIOUS_MOVE = YES;
				CLANG_WARN_UNGUARDED_AVAILABILITY = YES_AGGRESSIVE;
				CLANG_WARN_UNREACHABLE_CODE = YES;
				CLANG_WARN__DUPLICATE_METHOD_MATCH = YES;
				CODE_SIGN_IDENTITY = "iPhone Developer";
				COPY_PHASE_STRIP = NO;
				DEBUG_INFORMATION_FORMAT = dwarf;
				ENABLE_STRICT_OBJC_MSGSEND = YES;
				ENABLE_TESTABILITY = YES;
				GCC_C_LANGUAGE_STANDARD = gnu11;
				GCC_DYNAMIC_NO_PIC = NO;
				GCC_NO_COMMON_BLOCKS = YES;
				GCC_OPTIMIZATION_LEVEL = 0;
				GCC_PREPROCESSOR_DEFINITIONS = (
					"DEBUG=1",
					"$(inherited)",
				);
				GCC_WARN_64_TO_32_BIT_CONVERSION = YES;
				GCC_WARN_ABOUT_RETURN_TYPE = YES_ERROR;
				GCC_WARN_UNDECLARED_SELECTOR = YES;
				GCC_WARN_UNINITIALIZED_AUTOS = YES_AGGRESSIVE;
				GCC_WARN_UNUSED_FUNCTION = YES;
				GCC_WARN_UNUSED_VARIABLE = YES;
				IPHONEOS_DEPLOYMENT_TARGET = 12.2;
				MTL_ENABLE_DEBUG_INFO = INCLUDE_SOURCE;
				MTL_FAST_MATH = YES;
				ONLY_ACTIVE_ARCH = YES;
				SDKROOT = iphoneos;
				SWIFT_ACTIVE_COMPILATION_CONDITIONS = DEBUG;
				SWIFT_OPTIMIZATION_LEVEL = "-Onone";
			};
			name = Debug;
		};
		2E52C54722BB0490006DF885 /* Release */ = {
			isa = XCBuildConfiguration;
			buildSettings = {
				ALWAYS_SEARCH_USER_PATHS = NO;
				CLANG_ANALYZER_NONNULL = YES;
				CLANG_ANALYZER_NUMBER_OBJECT_CONVERSION = YES_AGGRESSIVE;
				CLANG_CXX_LANGUAGE_STANDARD = "gnu++14";
				CLANG_CXX_LIBRARY = "libc++";
				CLANG_ENABLE_MODULES = YES;
				CLANG_ENABLE_OBJC_ARC = YES;
				CLANG_ENABLE_OBJC_WEAK = YES;
				CLANG_WARN_BLOCK_CAPTURE_AUTORELEASING = YES;
				CLANG_WARN_BOOL_CONVERSION = YES;
				CLANG_WARN_COMMA = YES;
				CLANG_WARN_CONSTANT_CONVERSION = YES;
				CLANG_WARN_DEPRECATED_OBJC_IMPLEMENTATIONS = YES;
				CLANG_WARN_DIRECT_OBJC_ISA_USAGE = YES_ERROR;
				CLANG_WARN_DOCUMENTATION_COMMENTS = YES;
				CLANG_WARN_EMPTY_BODY = YES;
				CLANG_WARN_ENUM_CONVERSION = YES;
				CLANG_WARN_INFINITE_RECURSION = YES;
				CLANG_WARN_INT_CONVERSION = YES;
				CLANG_WARN_NON_LITERAL_NULL_CONVERSION = YES;
				CLANG_WARN_OBJC_IMPLICIT_RETAIN_SELF = YES;
				CLANG_WARN_OBJC_LITERAL_CONVERSION = YES;
				CLANG_WARN_OBJC_ROOT_CLASS = YES_ERROR;
				CLANG_WARN_RANGE_LOOP_ANALYSIS = YES;
				CLANG_WARN_STRICT_PROTOTYPES = YES;
				CLANG_WARN_SUSPICIOUS_MOVE = YES;
				CLANG_WARN_UNGUARDED_AVAILABILITY = YES_AGGRESSIVE;
				CLANG_WARN_UNREACHABLE_CODE = YES;
				CLANG_WARN__DUPLICATE_METHOD_MATCH = YES;
				CODE_SIGN_IDENTITY = "iPhone Developer";
				COPY_PHASE_STRIP = NO;
				DEBUG_INFORMATION_FORMAT = "dwarf-with-dsym";
				ENABLE_NS_ASSERTIONS = NO;
				ENABLE_STRICT_OBJC_MSGSEND = YES;
				GCC_C_LANGUAGE_STANDARD = gnu11;
				GCC_NO_COMMON_BLOCKS = YES;
				GCC_WARN_64_TO_32_BIT_CONVERSION = YES;
				GCC_WARN_ABOUT_RETURN_TYPE = YES_ERROR;
				GCC_WARN_UNDECLARED_SELECTOR = YES;
				GCC_WARN_UNINITIALIZED_AUTOS = YES_AGGRESSIVE;
				GCC_WARN_UNUSED_FUNCTION = YES;
				GCC_WARN_UNUSED_VARIABLE = YES;
				IPHONEOS_DEPLOYMENT_TARGET = 12.2;
				MTL_ENABLE_DEBUG_INFO = NO;
				MTL_FAST_MATH = YES;
				SDKROOT = iphoneos;
				SWIFT_COMPILATION_MODE = wholemodule;
				SWIFT_OPTIMIZATION_LEVEL = "-O";
				VALIDATE_PRODUCT = YES;
			};
			name = Release;
		};
		2E52C54922BB0490006DF885 /* Debug */ = {
			isa = XCBuildConfiguration;
			buildSettings = {
				ASSETCATALOG_COMPILER_APPICON_NAME = AppIcon;
				CODE_SIGN_STYLE = Automatic;
				DEVELOPMENT_TEAM = H77X4BQGH3;
				INFOPLIST_FILE = SuperBabyBrawl/Info.plist;
				LD_RUNPATH_SEARCH_PATHS = (
					"$(inherited)",
					"@executable_path/Frameworks",
				);
				PRODUCT_BUNDLE_IDENTIFIER = com.MatthewWalsh.SuperBabyBrawl;
				PRODUCT_NAME = "$(TARGET_NAME)";
				SWIFT_VERSION = 5.0;
				TARGETED_DEVICE_FAMILY = "1,2";
			};
			name = Debug;
		};
		2E52C54A22BB0490006DF885 /* Release */ = {
			isa = XCBuildConfiguration;
			buildSettings = {
				ASSETCATALOG_COMPILER_APPICON_NAME = AppIcon;
				CODE_SIGN_STYLE = Automatic;
				DEVELOPMENT_TEAM = H77X4BQGH3;
				INFOPLIST_FILE = SuperBabyBrawl/Info.plist;
				LD_RUNPATH_SEARCH_PATHS = (
					"$(inherited)",
					"@executable_path/Frameworks",
				);
				PRODUCT_BUNDLE_IDENTIFIER = com.MatthewWalsh.SuperBabyBrawl;
				PRODUCT_NAME = "$(TARGET_NAME)";
				SWIFT_VERSION = 5.0;
				TARGETED_DEVICE_FAMILY = "1,2";
			};
			name = Release;
		};
		2E52C54C22BB0490006DF885 /* Debug */ = {
			isa = XCBuildConfiguration;
			buildSettings = {
				ALWAYS_EMBED_SWIFT_STANDARD_LIBRARIES = YES;
				BUNDLE_LOADER = "$(TEST_HOST)";
				CODE_SIGN_STYLE = Automatic;
				DEVELOPMENT_TEAM = H77X4BQGH3;
				INFOPLIST_FILE = SuperBabyBrawlTests/Info.plist;
				LD_RUNPATH_SEARCH_PATHS = (
					"$(inherited)",
					"@executable_path/Frameworks",
					"@loader_path/Frameworks",
				);
				PRODUCT_BUNDLE_IDENTIFIER = com.MatthewWalsh.SuperBabyBrawlTests;
				PRODUCT_NAME = "$(TARGET_NAME)";
				SWIFT_VERSION = 5.0;
				TARGETED_DEVICE_FAMILY = "1,2";
				TEST_HOST = "$(BUILT_PRODUCTS_DIR)/SuperBabyBrawl.app/SuperBabyBrawl";
			};
			name = Debug;
		};
		2E52C54D22BB0490006DF885 /* Release */ = {
			isa = XCBuildConfiguration;
			buildSettings = {
				ALWAYS_EMBED_SWIFT_STANDARD_LIBRARIES = YES;
				BUNDLE_LOADER = "$(TEST_HOST)";
				CODE_SIGN_STYLE = Automatic;
				DEVELOPMENT_TEAM = H77X4BQGH3;
				INFOPLIST_FILE = SuperBabyBrawlTests/Info.plist;
				LD_RUNPATH_SEARCH_PATHS = (
					"$(inherited)",
					"@executable_path/Frameworks",
					"@loader_path/Frameworks",
				);
				PRODUCT_BUNDLE_IDENTIFIER = com.MatthewWalsh.SuperBabyBrawlTests;
				PRODUCT_NAME = "$(TARGET_NAME)";
				SWIFT_VERSION = 5.0;
				TARGETED_DEVICE_FAMILY = "1,2";
				TEST_HOST = "$(BUILT_PRODUCTS_DIR)/SuperBabyBrawl.app/SuperBabyBrawl";
			};
			name = Release;
		};
		2E52C54F22BB0490006DF885 /* Debug */ = {
			isa = XCBuildConfiguration;
			buildSettings = {
				ALWAYS_EMBED_SWIFT_STANDARD_LIBRARIES = YES;
				CODE_SIGN_STYLE = Automatic;
				DEVELOPMENT_TEAM = H77X4BQGH3;
				INFOPLIST_FILE = SuperBabyBrawlUITests/Info.plist;
				LD_RUNPATH_SEARCH_PATHS = (
					"$(inherited)",
					"@executable_path/Frameworks",
					"@loader_path/Frameworks",
				);
				PRODUCT_BUNDLE_IDENTIFIER = com.MatthewWalsh.SuperBabyBrawlUITests;
				PRODUCT_NAME = "$(TARGET_NAME)";
				SWIFT_VERSION = 5.0;
				TARGETED_DEVICE_FAMILY = "1,2";
				TEST_TARGET_NAME = SuperBabyBrawl;
			};
			name = Debug;
		};
		2E52C55022BB0490006DF885 /* Release */ = {
			isa = XCBuildConfiguration;
			buildSettings = {
				ALWAYS_EMBED_SWIFT_STANDARD_LIBRARIES = YES;
				CODE_SIGN_STYLE = Automatic;
				DEVELOPMENT_TEAM = H77X4BQGH3;
				INFOPLIST_FILE = SuperBabyBrawlUITests/Info.plist;
				LD_RUNPATH_SEARCH_PATHS = (
					"$(inherited)",
					"@executable_path/Frameworks",
					"@loader_path/Frameworks",
				);
				PRODUCT_BUNDLE_IDENTIFIER = com.MatthewWalsh.SuperBabyBrawlUITests;
				PRODUCT_NAME = "$(TARGET_NAME)";
				SWIFT_VERSION = 5.0;
				TARGETED_DEVICE_FAMILY = "1,2";
				TEST_TARGET_NAME = SuperBabyBrawl;
			};
			name = Release;
		};
/* End XCBuildConfiguration section */

/* Begin XCConfigurationList section */
		2E52C51522BB048F006DF885 /* Build configuration list for PBXProject "SuperBabyBrawl" */ = {
			isa = XCConfigurationList;
			buildConfigurations = (
				2E52C54622BB0490006DF885 /* Debug */,
				2E52C54722BB0490006DF885 /* Release */,
			);
			defaultConfigurationIsVisible = 0;
			defaultConfigurationName = Release;
		};
		2E52C54822BB0490006DF885 /* Build configuration list for PBXNativeTarget "SuperBabyBrawl" */ = {
			isa = XCConfigurationList;
			buildConfigurations = (
				2E52C54922BB0490006DF885 /* Debug */,
				2E52C54A22BB0490006DF885 /* Release */,
			);
			defaultConfigurationIsVisible = 0;
			defaultConfigurationName = Release;
		};
		2E52C54B22BB0490006DF885 /* Build configuration list for PBXNativeTarget "SuperBabyBrawlTests" */ = {
			isa = XCConfigurationList;
			buildConfigurations = (
				2E52C54C22BB0490006DF885 /* Debug */,
				2E52C54D22BB0490006DF885 /* Release */,
			);
			defaultConfigurationIsVisible = 0;
			defaultConfigurationName = Release;
		};
		2E52C54E22BB0490006DF885 /* Build configuration list for PBXNativeTarget "SuperBabyBrawlUITests" */ = {
			isa = XCConfigurationList;
			buildConfigurations = (
				2E52C54F22BB0490006DF885 /* Debug */,
				2E52C55022BB0490006DF885 /* Release */,
			);
			defaultConfigurationIsVisible = 0;
			defaultConfigurationName = Release;
		};
/* End XCConfigurationList section */
	};
	rootObject = 2E52C51222BB048F006DF885 /* Project object */;
}
